<?xml version="1.0" encoding="utf-8"?>
<Project ToolsVersion="4.0" xmlns="http://schemas.microsoft.com/developer/msbuild/2003">
  <ItemGroup>
    <Filter Include="Base">
      <UniqueIdentifier>{983ecdf8-fb6f-4164-8707-4468e7959908}</UniqueIdentifier>
    </Filter>
    <Filter Include="Base\include">
      <UniqueIdentifier>{44c62ba4-0e08-4203-a34d-276e27d12591}</UniqueIdentifier>
    </Filter>
    <Filter Include="Base\src">
      <UniqueIdentifier>{d11e4e6c-b939-4d54-acca-c576c2fd3b06}</UniqueIdentifier>
    </Filter>
    <Filter Include="Example">
      <UniqueIdentifier>{63edb0a1-0c9f-4966-a0f4-dfc971f84eb0}</UniqueIdentifier>
    </Filter>
    <Filter Include="Base\include\singleton">
      <UniqueIdentifier>{83b01448-a4dd-4360-a2f6-3596ce5512b4}</UniqueIdentifier>
    </Filter>
    <Filter Include="Base\include\scene">
      <UniqueIdentifier>{cff50ae3-f7a1-4938-9f9c-bec87e46adac}</UniqueIdentifier>
    </Filter>
    <Filter Include="Base\src\scene">
      <UniqueIdentifier>{4ff47020-0dc5-4279-b9a0-20267978b838}</UniqueIdentifier>
    </Filter>
  </ItemGroup>
  <ItemGroup>
    <ClInclude Include="TSystem.h">
      <Filter>Base\include</Filter>
    </ClInclude>
    <ClInclude Include="SystemStoreID.h">
      <Filter>Base\include</Filter>
    </ClInclude>
    <ClInclude Include="System.h">
      <Filter>Base\include</Filter>
    </ClInclude>
    <ClInclude Include="GameWorld.h">
      <Filter>Base\include</Filter>
    </ClInclude>
    <ClInclude Include="Entity.h">
      <Filter>Base\include</Filter>
    </ClInclude>
    <ClInclude Include="Component.h">
      <Filter>Base\include</Filter>
    </ClInclude>
    <ClInclude Include="BaseID.h">
      <Filter>Base\include</Filter>
    </ClInclude>
    <ClInclude Include="Base.h">
      <Filter>Base\include</Filter>
    </ClInclude>
    <ClInclude Include="_ECS_Header.h">
      <Filter>Base</Filter>
    </ClInclude>
    <ClInclude Include="ExSystem.h">
      <Filter>Example</Filter>
    </ClInclude>
    <ClInclude Include="SceneManager.h">
      <Filter>Base\include\scene</Filter>
    </ClInclude>
    <ClInclude Include="Scene.h">
      <Filter>Base\include\scene</Filter>
    </ClInclude>
    <ClInclude Include="Singleton.h">
      <Filter>Base\include\singleton</Filter>
    </ClInclude>
  </ItemGroup>
  <ItemGroup>
    <ClCompile Include="TSystem.cpp">
      <Filter>Base\src</Filter>
    </ClCompile>
    <ClCompile Include="System.cpp">
      <Filter>Base\src</Filter>
    </ClCompile>
    <ClCompile Include="GameWorld.cpp">
      <Filter>Base\src</Filter>
    </ClCompile>
    <ClCompile Include="Entity.cpp">
      <Filter>Base\src</Filter>
    </ClCompile>
    <ClCompile Include="Component.cpp">
      <Filter>Base\src</Filter>
    </ClCompile>
    <ClCompile Include="ExComponent.h">
      <Filter>Example</Filter>
    </ClCompile>
    <ClCompile Include="Test_System.h">
      <Filter>Example</Filter>
    </ClCompile>
    <ClCompile Include="SceneManager.cpp">
      <Filter>Base\src\scene</Filter>
    </ClCompile>
  </ItemGroup>
</Project>