<?xml version="1.0" encoding="utf-8"?>
<Project ToolsVersion="4.0" xmlns="http://schemas.microsoft.com/developer/msbuild/2003">
  <ItemGroup>
    <Filter Include="Components">
      <UniqueIdentifier>{90340618-2b42-40ac-ad2a-2bac5633603a}</UniqueIdentifier>
    </Filter>
    <Filter Include="Systems">
      <UniqueIdentifier>{ff286d97-734f-44c4-830b-b13231e5c06e}</UniqueIdentifier>
    </Filter>
    <Filter Include="Utility">
      <UniqueIdentifier>{5f326177-e9df-4dc3-a9d7-827cd4e322ee}</UniqueIdentifier>
    </Filter>
    <Filter Include="Components\include">
      <UniqueIdentifier>{6e10340d-c898-4ea2-b048-797d5dd2806e}</UniqueIdentifier>
    </Filter>
    <Filter Include="Components\src">
      <UniqueIdentifier>{286c13e2-42d8-4958-861b-1b0ae4f7ea08}</UniqueIdentifier>
    </Filter>
    <Filter Include="Systems\include">
      <UniqueIdentifier>{7e999e82-3c5a-4f68-98f4-b59c94d61db4}</UniqueIdentifier>
    </Filter>
    <Filter Include="Systems\src">
      <UniqueIdentifier>{32131e25-c01c-409b-bcaa-2cde331300c6}</UniqueIdentifier>
    </Filter>
    <Filter Include="Utility\include">
      <UniqueIdentifier>{b252b270-d8cb-4d84-b191-6e728d9535c4}</UniqueIdentifier>
    </Filter>
    <Filter Include="Utility\src">
      <UniqueIdentifier>{e254b3b2-332e-4b3b-8a56-a5045f2eb654}</UniqueIdentifier>
    </Filter>
    <Filter Include="Event _ Delegate">
      <UniqueIdentifier>{07a23cc4-c0a9-4e05-9861-5578a8ccd5c4}</UniqueIdentifier>
    </Filter>
    <Filter Include="main">
      <UniqueIdentifier>{c809c5a6-6fbe-41ff-802a-471eb386de99}</UniqueIdentifier>
    </Filter>
    <Filter Include="State Pattern">
      <UniqueIdentifier>{ad28cb0d-9060-49e1-affa-1e24b6f2391e}</UniqueIdentifier>
    </Filter>
    <Filter Include="State Pattern\include">
      <UniqueIdentifier>{4c673d28-6abd-49ec-93aa-cc7435de3673}</UniqueIdentifier>
    </Filter>
    <Filter Include="State Pattern\src">
      <UniqueIdentifier>{7af32c73-83aa-497b-be98-f8579f4ef05a}</UniqueIdentifier>
    </Filter>
  </ItemGroup>
  <ItemGroup>
    <ClCompile Include="AnimationComponent.cpp">
      <Filter>Components\src</Filter>
    </ClCompile>
    <ClCompile Include="PlayerControllable.cpp">
      <Filter>Components\src</Filter>
    </ClCompile>
    <ClCompile Include="SpriteComponent.cpp">
      <Filter>Components\src</Filter>
    </ClCompile>
    <ClCompile Include="Velocity.cpp">
      <Filter>Components\src</Filter>
    </ClCompile>
    <ClCompile Include="InputSystem.cpp">
      <Filter>Systems\src</Filter>
    </ClCompile>
    <ClCompile Include="MovementSystem.cpp">
      <Filter>Systems\src</Filter>
    </ClCompile>
    <ClCompile Include="RenderingSystem.cpp">
      <Filter>Systems\src</Filter>
    </ClCompile>
    <ClCompile Include="Action.cpp">
      <Filter>Utility\src</Filter>
    </ClCompile>
    <ClCompile Include="Animation.cpp">
      <Filter>Utility\src</Filter>
    </ClCompile>
    <ClCompile Include="MetroidGame.cpp">
      <Filter>Utility\src</Filter>
    </ClCompile>
    <ClCompile Include="PlayingScene.cpp">
      <Filter>Utility\src</Filter>
    </ClCompile>
    <ClCompile Include="AnimationSystem.cpp">
      <Filter>Systems\src</Filter>
    </ClCompile>
    <ClCompile Include="main.cpp">
      <Filter>main</Filter>
    </ClCompile>
    <ClCompile Include="Bound.cpp">
      <Filter>Components\src</Filter>
    </ClCompile>
    <ClCompile Include="GravitySystem.cpp">
      <Filter>Systems\src</Filter>
    </ClCompile>
    <ClCompile Include="Gravity.cpp">
      <Filter>Components\src</Filter>
    </ClCompile>
    <ClCompile Include="StateComponent.cpp">
      <Filter>Components\src</Filter>
    </ClCompile>
    <ClCompile Include="StateSystem.cpp" />
    <ClCompile Include="State.cpp">
      <Filter>State Pattern\src</Filter>
    </ClCompile>
    <ClCompile Include="Transition.cpp">
      <Filter>State Pattern\src</Filter>
    </ClCompile>
    <ClCompile Include="Camera.cpp">
      <Filter>Utility\src</Filter>
    </ClCompile>
  </ItemGroup>
  <ItemGroup>
    <ClInclude Include="AnimationComponent.h">
      <Filter>Components\include</Filter>
    </ClInclude>
    <ClInclude Include="PlayerControllable.h">
      <Filter>Components\include</Filter>
    </ClInclude>
    <ClInclude Include="SpriteComponent.h">
      <Filter>Components\include</Filter>
    </ClInclude>
    <ClInclude Include="Velocity.h">
      <Filter>Components\include</Filter>
    </ClInclude>
    <ClInclude Include="InputSystem.h">
      <Filter>Systems\include</Filter>
    </ClInclude>
    <ClInclude Include="MovementSystem.h">
      <Filter>Systems\include</Filter>
    </ClInclude>
    <ClInclude Include="RenderingSystem.h">
      <Filter>Systems\include</Filter>
    </ClInclude>
    <ClInclude Include="Action.h">
      <Filter>Utility\include</Filter>
    </ClInclude>
    <ClInclude Include="Animation.h">
      <Filter>Utility\include</Filter>
    </ClInclude>
    <ClInclude Include="MetroidGame.h">
      <Filter>Utility\include</Filter>
    </ClInclude>
    <ClInclude Include="PlayingScene.h">
      <Filter>Utility\include</Filter>
    </ClInclude>
    <ClInclude Include="Delegate.h">
      <Filter>Event _ Delegate</Filter>
    </ClInclude>
    <ClInclude Include="Event.h">
      <Filter>Event _ Delegate</Filter>
    </ClInclude>
    <ClInclude Include="Server.h">
      <Filter>Event _ Delegate</Filter>
    </ClInclude>
    <ClInclude Include="Client.h">
      <Filter>Event _ Delegate</Filter>
    </ClInclude>
    <ClInclude Include="AnimationSystem.h">
      <Filter>Systems\include</Filter>
    </ClInclude>
    <ClInclude Include="Bound.h">
      <Filter>Components\include</Filter>
    </ClInclude>
    <ClInclude Include="Mess.h">
      <Filter>Utility\include</Filter>
    </ClInclude>
    <ClInclude Include="GravitySystem.h">
      <Filter>Systems\include</Filter>
    </ClInclude>
    <ClInclude Include="Gravity.h">
      <Filter>Components\include</Filter>
    </ClInclude>
    <ClInclude Include="StateComponent.h">
      <Filter>Components\include</Filter>
    </ClInclude>
    <ClInclude Include="StateSystem.h" />
    <ClInclude Include="State.h">
      <Filter>State Pattern\include</Filter>
    </ClInclude>
    <ClInclude Include="Transition.h">
      <Filter>State Pattern\include</Filter>
    </ClInclude>
    <ClInclude Include="Camera.h">
      <Filter>Utility\include</Filter>
    </ClInclude>
  </ItemGroup>
  <ItemGroup>
    <Text Include="Read me .txt">
      <Filter>Event _ Delegate</Filter>
    </Text>
  </ItemGroup>
</Project>